
Microsoft Visual Studio Solution File, Format Version 12.00
# Visual Studio Version 16
VisualStudioVersion = 16.0.30804.86
MinimumVisualStudioVersion = 10.0.40219.1
Project("{FAE04EC0-301F-11D3-BF4B-00C04F79EFBC}") = "App24.Android", "App24\App24.Android\App24.Android.csproj", "{88C72978-BF15-4788-B82A-81E3CBA18EA2}"
EndProject
Project("{FAE04EC0-301F-11D3-BF4B-00C04F79EFBC}") = "App24.iOS", "App24\App24.iOS\App24.iOS.csproj", "{B631037B-9353-4EFA-BC85-ECFA4FAC3630}"
EndProject
Project("{FAE04EC0-301F-11D3-BF4B-00C04F79EFBC}") = "App24", "App24\App24\App24.csproj", "{0C076853-80CD-4ABC-9998-B9C535719FA8}"
EndProject
Global
	GlobalSection(SolutionConfigurationPlatforms) = preSolution
		Debug|Any CPU = Debug|Any CPU
		Debug|iPhone = Debug|iPhone
		Debug|iPhoneSimulator = Debug|iPhoneSimulator
		Release|Any CPU = Release|Any CPU
		Release|iPhone = Release|iPhone
		Release|iPhoneSimulator = Release|iPhoneSimulator
	EndGlobalSection
	GlobalSection(ProjectConfigurationPlatforms) = postSolution
		{88C72978-BF15-4788-B82A-81E3CBA18EA2}.Debug|Any CPU.ActiveCfg = Debug|Any CPU
		{88C72978-BF15-4788-B82A-81E3CBA18EA2}.Debug|Any CPU.Build.0 = Debug|Any CPU
		{88C72978-BF15-4788-B82A-81E3CBA18EA2}.Debug|Any CPU.Deploy.0 = Debug|Any CPU
		{88C72978-BF15-4788-B82A-81E3CBA18EA2}.Debug|iPhone.ActiveCfg = Debug|Any CPU
		{88C72978-BF15-4788-B82A-81E3CBA18EA2}.Debug|iPhone.Build.0 = Debug|Any CPU
		{88C72978-BF15-4788-B82A-81E3CBA18EA2}.Debug|iPhone.Deploy.0 = Debug|Any CPU
		{88C72978-BF15-4788-B82A-81E3CBA18EA2}.Debug|iPhoneSimulator.ActiveCfg = Debug|Any CPU
		{88C72978-BF15-4788-B82A-81E3CBA18EA2}.Debug|iPhoneSimulator.Build.0 = Debug|Any CPU
		{88C72978-BF15-4788-B82A-81E3CBA18EA2}.Debug|iPhoneSimulator.Deploy.0 = Debug|Any CPU
		{88C72978-BF15-4788-B82A-81E3CBA18EA2}.Release|Any CPU.ActiveCfg = Release|Any CPU
		{88C72978-BF15-4788-B82A-81E3CBA18EA2}.Release|Any CPU.Build.0 = Release|Any CPU
		{88C72978-BF15-4788-B82A-81E3CBA18EA2}.Release|Any CPU.Deploy.0 = Release|Any CPU
		{88C72978-BF15-4788-B82A-81E3CBA18EA2}.Release|iPhone.ActiveCfg = Release|Any CPU
		{88C72978-BF15-4788-B82A-81E3CBA18EA2}.Release|iPhone.Build.0 = Release|Any CPU
		{88C72978-BF15-4788-B82A-81E3CBA18EA2}.Release|iPhone.Deploy.0 = Release|Any CPU
		{88C72978-BF15-4788-B82A-81E3CBA18EA2}.Release|iPhoneSimulator.ActiveCfg = Release|Any CPU
		{88C72978-BF15-4788-B82A-81E3CBA18EA2}.Release|iPhoneSimulator.Build.0 = Release|Any CPU
		{88C72978-BF15-4788-B82A-81E3CBA18EA2}.Release|iPhoneSimulator.Deploy.0 = Release|Any CPU
		{B631037B-9353-4EFA-BC85-ECFA4FAC3630}.Debug|Any CPU.ActiveCfg = Debug|iPhone
		{B631037B-9353-4EFA-BC85-ECFA4FAC3630}.Debug|Any CPU.Build.0 = Debug|iPhone
		{B631037B-9353-4EFA-BC85-ECFA4FAC3630}.Debug|Any CPU.Deploy.0 = Debug|iPhone
		{B631037B-9353-4EFA-BC85-ECFA4FAC3630}.Debug|iPhone.ActiveCfg = Debug|iPhone
		{B631037B-9353-4EFA-BC85-ECFA4FAC3630}.Debug|iPhone.Build.0 = Debug|iPhone
		{B631037B-9353-4EFA-BC85-ECFA4FAC3630}.Debug|iPhone.Deploy.0 = Debug|iPhone
		{B631037B-9353-4EFA-BC85-ECFA4FAC3630}.Debug|iPhoneSimulator.ActiveCfg = Debug|iPhoneSimulator
		{B631037B-9353-4EFA-BC85-ECFA4FAC3630}.Debug|iPhoneSimulator.Build.0 = Debug|iPhoneSimulator
		{B631037B-9353-4EFA-BC85-ECFA4FAC3630}.Debug|iPhoneSimulator.Deploy.0 = Debug|iPhoneSimulator
		{B631037B-9353-4EFA-BC85-ECFA4FAC3630}.Release|Any CPU.ActiveCfg = Release|iPhoneSimulator
		{B631037B-9353-4EFA-BC85-ECFA4FAC3630}.Release|Any CPU.Build.0 = Release|iPhoneSimulator
		{B631037B-9353-4EFA-BC85-ECFA4FAC3630}.Release|Any CPU.Deploy.0 = Release|iPhoneSimulator
		{B631037B-9353-4EFA-BC85-ECFA4FAC3630}.Release|iPhone.ActiveCfg = Release|iPhone
		{B631037B-9353-4EFA-BC85-ECFA4FAC3630}.Release|iPhone.Build.0 = Release|iPhone
		{B631037B-9353-4EFA-BC85-ECFA4FAC3630}.Release|iPhone.Deploy.0 = Release|iPhone
		{B631037B-9353-4EFA-BC85-ECFA4FAC3630}.Release|iPhoneSimulator.ActiveCfg = Release|iPhoneSimulator
		{B631037B-9353-4EFA-BC85-ECFA4FAC3630}.Release|iPhoneSimulator.Build.0 = Release|iPhoneSimulator
		{B631037B-9353-4EFA-BC85-ECFA4FAC3630}.Release|iPhoneSimulator.Deploy.0 = Release|iPhoneSimulator
		{0C076853-80CD-4ABC-9998-B9C535719FA8}.Debug|Any CPU.ActiveCfg = Debug|Any CPU
		{0C076853-80CD-4ABC-9998-B9C535719FA8}.Debug|Any CPU.Build.0 = Debug|Any CPU
		{0C076853-80CD-4ABC-9998-B9C535719FA8}.Debug|Any CPU.Deploy.0 = Debug|Any CPU
		{0C076853-80CD-4ABC-9998-B9C535719FA8}.Debug|iPhone.ActiveCfg = Debug|Any CPU
		{0C076853-80CD-4ABC-9998-B9C535719FA8}.Debug|iPhone.Build.0 = Debug|Any CPU
		{0C076853-80CD-4ABC-9998-B9C535719FA8}.Debug|iPhone.Deploy.0 = Debug|Any CPU
		{0C076853-80CD-4ABC-9998-B9C535719FA8}.Debug|iPhoneSimulator.ActiveCfg = Debug|Any CPU
		{0C076853-80CD-4ABC-9998-B9C535719FA8}.Debug|iPhoneSimulator.Build.0 = Debug|Any CPU
		{0C076853-80CD-4ABC-9998-B9C535719FA8}.Debug|iPhoneSimulator.Deploy.0 = Debug|Any CPU
		{0C076853-80CD-4ABC-9998-B9C535719FA8}.Release|Any CPU.ActiveCfg = Release|Any CPU
		{0C076853-80CD-4ABC-9998-B9C535719FA8}.Release|Any CPU.Build.0 = Release|Any CPU
		{0C076853-80CD-4ABC-9998-B9C535719FA8}.Release|Any CPU.Deploy.0 = Release|Any CPU
		{0C076853-80CD-4ABC-9998-B9C535719FA8}.Release|iPhone.ActiveCfg = Release|Any CPU
		{0C076853-80CD-4ABC-9998-B9C535719FA8}.Release|iPhone.Build.0 = Release|Any CPU
		{0C076853-80CD-4ABC-9998-B9C535719FA8}.Release|iPhone.Deploy.0 = Release|Any CPU
		{0C076853-80CD-4ABC-9998-B9C535719FA8}.Release|iPhoneSimulator.ActiveCfg = Release|Any CPU
		{0C076853-80CD-4ABC-9998-B9C535719FA8}.Release|iPhoneSimulator.Build.0 = Release|Any CPU
		{0C076853-80CD-4ABC-9998-B9C535719FA8}.Release|iPhoneSimulator.Deploy.0 = Release|Any CPU
	EndGlobalSection
	GlobalSection(SolutionProperties) = preSolution
		HideSolutionNode = FALSE
	EndGlobalSection
	GlobalSection(ExtensibilityGlobals) = postSolution
		SolutionGuid = {93EB4941-9F1D-47D4-B85D-F7494498D39A}
	EndGlobalSection
EndGlobal
